
Microsoft Visual Studio Solution File, Format Version 12.00
# Visual Studio Version 16
VisualStudioVersion = 16.0.33801.447
MinimumVisualStudioVersion = 10.0.40219.1
Project("{FAE04EC0-301F-11D3-BF4B-00C04F79EFBC}") = "signUp1", "signUp1\signUp1.csproj", "{CA4CDD67-E298-436B-837E-C68C0E198DF1}"
EndProject
Global
	GlobalSection(SolutionConfigurationPlatforms) = preSolution
		Debug|Any CPU = Debug|Any CPU
		Release|Any CPU = Release|Any CPU
	EndGlobalSection
	GlobalSection(ProjectConfigurationPlatforms) = postSolution
		{CA4CDD67-E298-436B-837E-C68C0E198DF1}.Debug|Any CPU.ActiveCfg = Debug|Any CPU
		{CA4CDD67-E298-436B-837E-C68C0E198DF1}.Debug|Any CPU.Build.0 = Debug|Any CPU
		{CA4CDD67-E298-436B-837E-C68C0E198DF1}.Release|Any CPU.ActiveCfg = Release|Any CPU
		{CA4CDD67-E298-436B-837E-C68C0E198DF1}.Release|Any CPU.Build.0 = Release|Any CPU
	EndGlobalSection
	GlobalSection(SolutionProperties) = preSolution
		HideSolutionNode = FALSE
	EndGlobalSection
	GlobalSection(ExtensibilityGlobals) = postSolution
		SolutionGuid = {0C69A06B-9548-46F9-AAD1-EC96FDC88572}
	EndGlobalSection
EndGlobal
